
Microsoft Visual Studio Solution File, Format Version 12.00
# Visual Studio 14
VisualStudioVersion = 14.0.25420.1
MinimumVisualStudioVersion = 10.0.40219.1
Project("{FAE04EC0-301F-11D3-BF4B-00C04F79EFBC}") = "DDDDemo.ConsoleApplication", "DDDDemo.ConsoleApplication\DDDDemo.ConsoleApplication.csproj", "{8865095D-0949-4308-A473-CF910B08ED9E}"
EndProject
Project("{FAE04EC0-301F-11D3-BF4B-00C04F79EFBC}") = "DDDDemo.Persistence", "DDDDemo.Persistence\DDDDemo.Persistence.csproj", "{BD2D2A15-A365-4BB9-BD6D-0C374E0342E2}"
EndProject
Project("{2150E333-8FDC-42A3-9474-1A3956D46DE8}") = "UserManagement", "UserManagement", "{CB19761E-5C14-4340-9339-51CA690637FC}"
EndProject
Project("{2150E333-8FDC-42A3-9474-1A3956D46DE8}") = "SharedKernel", "SharedKernel", "{0F619ECA-BD59-4227-8606-BE228C43DDF7}"
EndProject
Project("{FAE04EC0-301F-11D3-BF4B-00C04F79EFBC}") = "DDDDemo.UserManagement.Domain", "DDDDemo.UserManagement.Domian\DDDDemo.UserManagement.Domain.csproj", "{D8A095E6-DE4C-4B22-90AB-49E2322352DA}"
EndProject
Project("{2150E333-8FDC-42A3-9474-1A3956D46DE8}") = "InvoicingModule", "InvoicingModule", "{22B13FD5-5F36-4605-BCD9-2A49B5ECA5B0}"
EndProject
Project("{FAE04EC0-301F-11D3-BF4B-00C04F79EFBC}") = "DDDDemo.InvoicingModule.Domain", "DDDDemo.InvoicingModule.Domain\DDDDemo.InvoicingModule.Domain.csproj", "{3403401B-15D1-4F69-AAD9-A1FCD3F60138}"
EndProject
Project("{2150E333-8FDC-42A3-9474-1A3956D46DE8}") = "Infrastructure", "Infrastructure", "{3FBADDA5-EEDA-4CF9-BB5E-AEE4E54EF889}"
EndProject
Project("{2150E333-8FDC-42A3-9474-1A3956D46DE8}") = "Infrastructure", "Infrastructure", "{A0650676-C2A6-446F-9EA2-24F47CF0A510}"
EndProject
Project("{FAE04EC0-301F-11D3-BF4B-00C04F79EFBC}") = "DDDDemo.InvoicingModule.Infrastructure.Persistence", "DDDDemo.InvoicingModule.Infrastructure.Persisnce\DDDDemo.InvoicingModule.Infrastructure.Persistence.csproj", "{435C8DF2-16D6-42E1-9FD1-779238483BEA}"
EndProject
Project("{FAE04EC0-301F-11D3-BF4B-00C04F79EFBC}") = "DDDDemo.SharedKernel", "DDDDemo.SharedKernel\DDDDemo.SharedKernel.csproj", "{AD8B4CE1-B999-44DC-B1D5-FE28D72B3F57}"
EndProject
Project("{2150E333-8FDC-42A3-9474-1A3956D46DE8}") = "Common", "Common", "{8C055BE9-CAA4-412B-955A-C5A4D254E121}"
EndProject
Project("{FAE04EC0-301F-11D3-BF4B-00C04F79EFBC}") = "DDDDemo.Common", "DDDDemo.Common\DDDDemo.Common.csproj", "{460CEC5B-18D2-4484-8FEA-E58832AEE231}"
EndProject
Project("{FAE04EC0-301F-11D3-BF4B-00C04F79EFBC}") = "DDDDemo.UserManagement.Infrastructure.Persistence", "DDDDemo.UserManagement.Domain.Infrastructure.Persistence\DDDDemo.UserManagement.Infrastructure.Persistence.csproj", "{D47F129C-90B5-4E87-ACEC-8ABC63F1CC80}"
EndProject
Project("{FAE04EC0-301F-11D3-BF4B-00C04F79EFBC}") = "DDDDemo.UserManagement.Application", "DDDDemo.UserManagement.Application\DDDDemo.UserManagement.Application.csproj", "{809A4A96-FE04-4EF3-A5AA-963325CE132F}"
EndProject
Project("{FAE04EC0-301F-11D3-BF4B-00C04F79EFBC}") = "DDDDemo.InvoicingModule.Application", "DDDDemo.InvoicingModule.Application\DDDDemo.InvoicingModule.Application.csproj", "{8CBAB193-19A2-4CF1-9E93-37682E110E57}"
EndProject
Project("{FAE04EC0-301F-11D3-BF4B-00C04F79EFBC}") = "DDDDemo.Common.Tests", "DDDDemo.Common.Tests\DDDDemo.Common.Tests.csproj", "{505E4E24-3C1E-4DDA-A1E6-F091160601C7}"
EndProject
Global
	GlobalSection(SolutionConfigurationPlatforms) = preSolution
		Debug|Any CPU = Debug|Any CPU
		Release|Any CPU = Release|Any CPU
	EndGlobalSection
	GlobalSection(ProjectConfigurationPlatforms) = postSolution
		{8865095D-0949-4308-A473-CF910B08ED9E}.Debug|Any CPU.ActiveCfg = Debug|Any CPU
		{8865095D-0949-4308-A473-CF910B08ED9E}.Debug|Any CPU.Build.0 = Debug|Any CPU
		{8865095D-0949-4308-A473-CF910B08ED9E}.Release|Any CPU.ActiveCfg = Release|Any CPU
		{8865095D-0949-4308-A473-CF910B08ED9E}.Release|Any CPU.Build.0 = Release|Any CPU
		{BD2D2A15-A365-4BB9-BD6D-0C374E0342E2}.Debug|Any CPU.ActiveCfg = Debug|Any CPU
		{BD2D2A15-A365-4BB9-BD6D-0C374E0342E2}.Debug|Any CPU.Build.0 = Debug|Any CPU
		{BD2D2A15-A365-4BB9-BD6D-0C374E0342E2}.Release|Any CPU.ActiveCfg = Release|Any CPU
		{BD2D2A15-A365-4BB9-BD6D-0C374E0342E2}.Release|Any CPU.Build.0 = Release|Any CPU
		{D8A095E6-DE4C-4B22-90AB-49E2322352DA}.Debug|Any CPU.ActiveCfg = Debug|Any CPU
		{D8A095E6-DE4C-4B22-90AB-49E2322352DA}.Debug|Any CPU.Build.0 = Debug|Any CPU
		{D8A095E6-DE4C-4B22-90AB-49E2322352DA}.Release|Any CPU.ActiveCfg = Release|Any CPU
		{D8A095E6-DE4C-4B22-90AB-49E2322352DA}.Release|Any CPU.Build.0 = Release|Any CPU
		{3403401B-15D1-4F69-AAD9-A1FCD3F60138}.Debug|Any CPU.ActiveCfg = Debug|Any CPU
		{3403401B-15D1-4F69-AAD9-A1FCD3F60138}.Debug|Any CPU.Build.0 = Debug|Any CPU
		{3403401B-15D1-4F69-AAD9-A1FCD3F60138}.Release|Any CPU.ActiveCfg = Release|Any CPU
		{3403401B-15D1-4F69-AAD9-A1FCD3F60138}.Release|Any CPU.Build.0 = Release|Any CPU
		{435C8DF2-16D6-42E1-9FD1-779238483BEA}.Debug|Any CPU.ActiveCfg = Debug|Any CPU
		{435C8DF2-16D6-42E1-9FD1-779238483BEA}.Debug|Any CPU.Build.0 = Debug|Any CPU
		{435C8DF2-16D6-42E1-9FD1-779238483BEA}.Release|Any CPU.ActiveCfg = Release|Any CPU
		{435C8DF2-16D6-42E1-9FD1-779238483BEA}.Release|Any CPU.Build.0 = Release|Any CPU
		{AD8B4CE1-B999-44DC-B1D5-FE28D72B3F57}.Debug|Any CPU.ActiveCfg = Debug|Any CPU
		{AD8B4CE1-B999-44DC-B1D5-FE28D72B3F57}.Debug|Any CPU.Build.0 = Debug|Any CPU
		{AD8B4CE1-B999-44DC-B1D5-FE28D72B3F57}.Release|Any CPU.ActiveCfg = Release|Any CPU
		{AD8B4CE1-B999-44DC-B1D5-FE28D72B3F57}.Release|Any CPU.Build.0 = Release|Any CPU
		{460CEC5B-18D2-4484-8FEA-E58832AEE231}.Debug|Any CPU.ActiveCfg = Debug|Any CPU
		{460CEC5B-18D2-4484-8FEA-E58832AEE231}.Debug|Any CPU.Build.0 = Debug|Any CPU
		{460CEC5B-18D2-4484-8FEA-E58832AEE231}.Release|Any CPU.ActiveCfg = Release|Any CPU
		{460CEC5B-18D2-4484-8FEA-E58832AEE231}.Release|Any CPU.Build.0 = Release|Any CPU
		{D47F129C-90B5-4E87-ACEC-8ABC63F1CC80}.Debug|Any CPU.ActiveCfg = Debug|Any CPU
		{D47F129C-90B5-4E87-ACEC-8ABC63F1CC80}.Debug|Any CPU.Build.0 = Debug|Any CPU
		{D47F129C-90B5-4E87-ACEC-8ABC63F1CC80}.Release|Any CPU.ActiveCfg = Release|Any CPU
		{D47F129C-90B5-4E87-ACEC-8ABC63F1CC80}.Release|Any CPU.Build.0 = Release|Any CPU
		{809A4A96-FE04-4EF3-A5AA-963325CE132F}.Debug|Any CPU.ActiveCfg = Debug|Any CPU
		{809A4A96-FE04-4EF3-A5AA-963325CE132F}.Debug|Any CPU.Build.0 = Debug|Any CPU
		{809A4A96-FE04-4EF3-A5AA-963325CE132F}.Release|Any CPU.ActiveCfg = Release|Any CPU
		{809A4A96-FE04-4EF3-A5AA-963325CE132F}.Release|Any CPU.Build.0 = Release|Any CPU
		{8CBAB193-19A2-4CF1-9E93-37682E110E57}.Debug|Any CPU.ActiveCfg = Debug|Any CPU
		{8CBAB193-19A2-4CF1-9E93-37682E110E57}.Debug|Any CPU.Build.0 = Debug|Any CPU
		{8CBAB193-19A2-4CF1-9E93-37682E110E57}.Release|Any CPU.ActiveCfg = Release|Any CPU
		{8CBAB193-19A2-4CF1-9E93-37682E110E57}.Release|Any CPU.Build.0 = Release|Any CPU
		{505E4E24-3C1E-4DDA-A1E6-F091160601C7}.Debug|Any CPU.ActiveCfg = Debug|Any CPU
		{505E4E24-3C1E-4DDA-A1E6-F091160601C7}.Debug|Any CPU.Build.0 = Debug|Any CPU
		{505E4E24-3C1E-4DDA-A1E6-F091160601C7}.Release|Any CPU.ActiveCfg = Release|Any CPU
		{505E4E24-3C1E-4DDA-A1E6-F091160601C7}.Release|Any CPU.Build.0 = Release|Any CPU
	EndGlobalSection
	GlobalSection(SolutionProperties) = preSolution
		HideSolutionNode = FALSE
	EndGlobalSection
	GlobalSection(NestedProjects) = preSolution
		{D8A095E6-DE4C-4B22-90AB-49E2322352DA} = {CB19761E-5C14-4340-9339-51CA690637FC}
		{3403401B-15D1-4F69-AAD9-A1FCD3F60138} = {22B13FD5-5F36-4605-BCD9-2A49B5ECA5B0}
		{3FBADDA5-EEDA-4CF9-BB5E-AEE4E54EF889} = {22B13FD5-5F36-4605-BCD9-2A49B5ECA5B0}
		{A0650676-C2A6-446F-9EA2-24F47CF0A510} = {CB19761E-5C14-4340-9339-51CA690637FC}
		{435C8DF2-16D6-42E1-9FD1-779238483BEA} = {3FBADDA5-EEDA-4CF9-BB5E-AEE4E54EF889}
		{AD8B4CE1-B999-44DC-B1D5-FE28D72B3F57} = {0F619ECA-BD59-4227-8606-BE228C43DDF7}
		{460CEC5B-18D2-4484-8FEA-E58832AEE231} = {8C055BE9-CAA4-412B-955A-C5A4D254E121}
		{D47F129C-90B5-4E87-ACEC-8ABC63F1CC80} = {A0650676-C2A6-446F-9EA2-24F47CF0A510}
		{809A4A96-FE04-4EF3-A5AA-963325CE132F} = {CB19761E-5C14-4340-9339-51CA690637FC}
		{8CBAB193-19A2-4CF1-9E93-37682E110E57} = {22B13FD5-5F36-4605-BCD9-2A49B5ECA5B0}
		{505E4E24-3C1E-4DDA-A1E6-F091160601C7} = {8C055BE9-CAA4-412B-955A-C5A4D254E121}
	EndGlobalSection
EndGlobal
